// !$*UTF8*$!
{
	archiveVersion = 1;
	classes = {
	};
	objectVersion = 48;
	objects = {

/* Begin PBXBuildFile section */
		49D1B6B720CCFCDA00848C46 /* AppDelegate.m in Sources */ = {isa = PBXBuildFile; fileRef = 49D1B6B620CCFCDA00848C46 /* AppDelegate.m */; };
		49D1B6BA20CCFCDA00848C46 /* ViewController.m in Sources */ = {isa = PBXBuildFile; fileRef = 49D1B6B920CCFCDA00848C46 /* ViewController.m */; };
		49D1B6BD20CCFCDA00848C46 /* Main.storyboard in Resources */ = {isa = PBXBuildFile; fileRef = 49D1B6BB20CCFCDA00848C46 /* Main.storyboard */; };
		49D1B6BF20CCFCDA00848C46 /* Assets.xcassets in Resources */ = {isa = PBXBuildFile; fileRef = 49D1B6BE20CCFCDA00848C46 /* Assets.xcassets */; };
		49D1B6C220CCFCDA00848C46 /* LaunchScreen.storyboard in Resources */ = {isa = PBXBuildFile; fileRef = 49D1B6C020CCFCDA00848C46 /* LaunchScreen.storyboard */; };
		49D1B6C520CCFCDA00848C46 /* main.m in Sources */ = {isa = PBXBuildFile; fileRef = 49D1B6C420CCFCDA00848C46 /* main.m */; };
		49D1B6CE20CD0B7900848C46 /* test.html in Resources */ = {isa = PBXBuildFile; fileRef = 49D1B6CC20CCFDD000848C46 /* test.html */; };
		49D1B6CF20CD0B7900848C46 /* testFunction.js in Resources */ = {isa = PBXBuildFile; fileRef = 49D1B6CD20CCFDD000848C46 /* testFunction.js */; };
/* End PBXBuildFile section */

/* Begin PBXFileReference section */
		49D1B6B220CCFCDA00848C46 /* WebViewSample.app */ = {isa = PBXFileReference; explicitFileType = wrapper.application; includeInIndex = 0; path = WebViewSample.app; sourceTree = BUILT_PRODUCTS_DIR; };
		49D1B6B520CCFCDA00848C46 /* AppDelegate.h */ = {isa = PBXFileReference; lastKnownFileType = sourcecode.c.h; path = AppDelegate.h; sourceTree = "<group>"; };
		49D1B6B620CCFCDA00848C46 /* AppDelegate.m */ = {isa = PBXFileReference; lastKnownFileType = sourcecode.c.objc; path = AppDelegate.m; sourceTree = "<group>"; };
		49D1B6B820CCFCDA00848C46 /* ViewController.h */ = {isa = PBXFileReference; lastKnownFileType = sourcecode.c.h; path = ViewController.h; sourceTree = "<group>"; };
		49D1B6B920CCFCDA00848C46 /* ViewController.m */ = {isa = PBXFileReference; lastKnownFileType = sourcecode.c.objc; path = ViewController.m; sourceTree = "<group>"; };
		49D1B6BC20CCFCDA00848C46 /* Base */ = {isa = PBXFileReference; lastKnownFileType = file.storyboard; name = Base; path = Base.lproj/Main.storyboard; sourceTree = "<group>"; };
		49D1B6BE20CCFCDA00848C46 /* Assets.xcassets */ = {isa = PBXFileReference; lastKnownFileType = folder.assetcatalog; path = Assets.xcassets; sourceTree = "<group>"; };
		49D1B6C120CCFCDA00848C46 /* Base */ = {isa = PBXFileReference; lastKnownFileType = file.storyboard; name = Base; path = Base.lproj/LaunchScreen.storyboard; sourceTree = "<group>"; };
		49D1B6C320CCFCDA00848C46 /* Info.plist */ = {isa = PBXFileReference; lastKnownFileType = text.plist.xml; path = Info.plist; sourceTree = "<group>"; };
		49D1B6C420CCFCDA00848C46 /* main.m */ = {isa = PBXFileReference; lastKnownFileType = sourcecode.c.objc; path = main.m; sourceTree = "<group>"; };
		49D1B6CC20CCFDD000848C46 /* test.html */ = {isa = PBXFileReference; lastKnownFileType = text.html; name = test.html; path = ../../../../android/app/src/main/assets/test.html; sourceTree = "<group>"; };
		49D1B6CD20CCFDD000848C46 /* testFunction.js */ = {isa = PBXFileReference; lastKnownFileType = sourcecode.javascript; name = testFunction.js; path = ../../../../android/app/src/main/assets/testFunction.js; sourceTree = "<group>"; };
/* End PBXFileReference section */

/* Begin PBXFrameworksBuildPhase section */
		49D1B6AF20CCFCDA00848C46 /* Frameworks */ = {
			isa = PBXFrameworksBuildPhase;
			buildActionMask = 2147483647;
			files = (
			);
			runOnlyForDeploymentPostprocessing = 0;
		};
/* End PBXFrameworksBuildPhase section */

/* Begin PBXGroup section */
		49D1B6A920CCFCDA00848C46 = {
			isa = PBXGroup;
			children = (
				49D1B6B420CCFCDA00848C46 /* WebViewSample */,
				49D1B6B320CCFCDA00848C46 /* Products */,
			);
			sourceTree = "<group>";
		};
		49D1B6B320CCFCDA00848C46 /* Products */ = {
			isa = PBXGroup;
			children = (
				49D1B6B220CCFCDA00848C46 /* WebViewSample.app */,
			);
			name = Products;
			sourceTree = "<group>";
		};
		49D1B6B420CCFCDA00848C46 /* WebViewSample */ = {
			isa = PBXGroup;
			children = (
				49D1B6CB20CCFD9B00848C46 /* web */,
				49D1B6B520CCFCDA00848C46 /* AppDelegate.h */,
				49D1B6B620CCFCDA00848C46 /* AppDelegate.m */,
				49D1B6B820CCFCDA00848C46 /* ViewController.h */,
				49D1B6B920CCFCDA00848C46 /* ViewController.m */,
				49D1B6BB20CCFCDA00848C46 /* Main.storyboard */,
				49D1B6BE20CCFCDA00848C46 /* Assets.xcassets */,
				49D1B6C020CCFCDA00848C46 /* LaunchScreen.storyboard */,
				49D1B6C320CCFCDA00848C46 /* Info.plist */,
				49D1B6C420CCFCDA00848C46 /* main.m */,
			);
			path = WebViewSample;
			sourceTree = "<group>";
		};
		49D1B6CB20CCFD9B00848C46 /* web */ = {
			isa = PBXGroup;
			children = (
				49D1B6CC20CCFDD000848C46 /* test.html */,
				49D1B6CD20CCFDD000848C46 /* testFunction.js */,
			);
			path = web;
			sourceTree = "<group>";
		};
/* End PBXGroup section */

/* Begin PBXNativeTarget section */
		49D1B6B120CCFCDA00848C46 /* WebViewSample */ = {
			isa = PBXNativeTarget;
			buildConfigurationList = 49D1B6C820CCFCDA00848C46 /* Build configuration list for PBXNativeTarget "WebViewSample" */;
			buildPhases = (
				49D1B6AE20CCFCDA00848C46 /* Sources */,
				49D1B6AF20CCFCDA00848C46 /* Frameworks */,
				49D1B6B020CCFCDA00848C46 /* Resources */,
			);
			buildRules = (
			);
			dependencies = (
			);
			name = WebViewSample;
			productName = WebViewSample;
			productReference = 49D1B6B220CCFCDA00848C46 /* WebViewSample.app */;
			productType = "com.apple.product-type.application";
		};
/* End PBXNativeTarget section */

/* Begin PBXProject section */
		49D1B6AA20CCFCDA00848C46 /* Project object */ = {
			isa = PBXProject;
			attributes = {
				LastUpgradeCheck = 0900;
				ORGANIZATIONNAME = SuperbDerrick;
				TargetAttributes = {
					49D1B6B120CCFCDA00848C46 = {
						CreatedOnToolsVersion = 9.0;
						ProvisioningStyle = Automatic;
					};
				};
			};
			buildConfigurationList = 49D1B6AD20CCFCDA00848C46 /* Build configuration list for PBXProject "WebViewSample" */;
			compatibilityVersion = "Xcode 8.0";
			developmentRegion = en;
			hasScannedForEncodings = 0;
			knownRegions = (
				en,
				Base,
			);
			mainGroup = 49D1B6A920CCFCDA00848C46;
			productRefGroup = 49D1B6B320CCFCDA00848C46 /* Products */;
			projectDirPath = "";
			projectRoot = "";
			targets = (
				49D1B6B120CCFCDA00848C46 /* WebViewSample */,
			);
		};
/* End PBXProject section */

/* Begin PBXResourcesBuildPhase section */
		49D1B6B020CCFCDA00848C46 /* Resources */ = {
			isa = PBXResourcesBuildPhase;
			buildActionMask = 2147483647;
			files = (
				49D1B6CE20CD0B7900848C46 /* test.html in Resources */,
				49D1B6CF20CD0B7900848C46 /* testFunction.js in Resources */,
				49D1B6C220CCFCDA00848C46 /* LaunchScreen.storyboard in Resources */,
				49D1B6BF20CCFCDA00848C46 /* Assets.xcassets in Resources */,
				49D1B6BD20CCFCDA00848C46 /* Main.storyboard in Resources */,
			);
			runOnlyForDeploymentPostprocessing = 0;
		};
/* End PBXResourcesBuildPhase section */

/* Begin PBXSourcesBuildPhase section */
		49D1B6AE20CCFCDA00848C46 /* Sources */ = {
			isa = PBXSourcesBuildPhase;
			buildActionMask = 2147483647;
			files = (
				49D1B6BA20CCFCDA00848C46 /* ViewController.m in Sources */,
				49D1B6C520CCFCDA00848C46 /* main.m in Sources */,
				49D1B6B720CCFCDA00848C46 /* AppDelegate.m in Sources */,
			);
			runOnlyForDeploymentPostprocessing = 0;
		};
/* End PBXSourcesBuildPhase section */

/* Begin PBXVariantGroup section */
		49D1B6BB20CCFCDA00848C46 /* Main.storyboard */ = {
			isa = PBXVariantGroup;
			children = (
				49D1B6BC20CCFCDA00848C46 /* Base */,
			);
			name = Main.storyboard;
			sourceTree = "<group>";
		};
		49D1B6C020CCFCDA00848C46 /* LaunchScreen.storyboard */ = {
			isa = PBXVariantGroup;
			children = (
				49D1B6C120CCFCDA00848C46 /* Base */,
			);
			name = LaunchScreen.storyboard;
			sourceTree = "<group>";
		};
/* End PBXVariantGroup section */

/* Begin XCBuildConfiguration section */
		49D1B6C620CCFCDA00848C46 /* Debug */ = {
			isa = XCBuildConfiguration;
			buildSettings = {
				ALWAYS_SEARCH_USER_PATHS = NO;
				CLANG_ANALYZER_NONNULL = YES;
				CLANG_ANALYZER_NUMBER_OBJECT_CONVERSION = YES_AGGRESSIVE;
				CLANG_CXX_LANGUAGE_STANDARD = "gnu++14";
				CLANG_CXX_LIBRARY = "libc++";
				CLANG_ENABLE_MODULES = YES;
				CLANG_ENABLE_OBJC_ARC = YES;
				CLANG_WARN_BLOCK_CAPTURE_AUTORELEASING = YES;
				CLANG_WARN_BOOL_CONVERSION = YES;
				CLANG_WARN_COMMA = YES;
				CLANG_WARN_CONSTANT_CONVERSION = YES;
				CLANG_WARN_DIRECT_OBJC_ISA_USAGE = YES_ERROR;
				CLANG_WARN_DOCUMENTATION_COMMENTS = YES;
				CLANG_WARN_EMPTY_BODY = YES;
				CLANG_WARN_ENUM_CONVERSION = YES;
				CLANG_WARN_INFINITE_RECURSION = YES;
				CLANG_WARN_INT_CONVERSION = YES;
				CLANG_WARN_NON_LITERAL_NULL_CONVERSION = YES;
				CLANG_WARN_OBJC_LITERAL_CONVERSION = YES;
				CLANG_WARN_OBJC_ROOT_CLASS = YES_ERROR;
				CLANG_WARN_RANGE_LOOP_ANALYSIS = YES;
				CLANG_WARN_STRICT_PROTOTYPES = YES;
				CLANG_WARN_SUSPICIOUS_MOVE = YES;
				CLANG_WARN_UNGUARDED_AVAILABILITY = YES_AGGRESSIVE;
				CLANG_WARN_UNREACHABLE_CODE = YES;
				CLANG_WARN__DUPLICATE_METHOD_MATCH = YES;
				CODE_SIGN_IDENTITY = "iPhone Developer";
				COPY_PHASE_STRIP = NO;
				DEBUG_INFORMATION_FORMAT = dwarf;
				ENABLE_STRICT_OBJC_MSGSEND = YES;
				ENABLE_TESTABILITY = YES;
				GCC_C_LANGUAGE_STANDARD = gnu11;
				GCC_DYNAMIC_NO_PIC = NO;
				GCC_NO_COMMON_BLOCKS = YES;
				GCC_OPTIMIZATION_LEVEL = 0;
				GCC_PREPROCESSOR_DEFINITIONS = (
					"DEBUG=1",
					"$(inherited)",
				);
				GCC_WARN_64_TO_32_BIT_CONVERSION = YES;
				GCC_WARN_ABOUT_RETURN_TYPE = YES_ERROR;
				GCC_WARN_UNDECLARED_SELECTOR = YES;
				GCC_WARN_UNINITIALIZED_AUTOS = YES_AGGRESSIVE;
				GCC_WARN_UNUSED_FUNCTION = YES;
				GCC_WARN_UNUSED_VARIABLE = YES;
				IPHONEOS_DEPLOYMENT_TARGET = 11.0;
				MTL_ENABLE_DEBUG_INFO = YES;
				ONLY_ACTIVE_ARCH = YES;
				SDKROOT = iphoneos;
			};
			name = Debug;
		};
		49D1B6C720CCFCDA00848C46 /* Release */ = {
			isa = XCBuildConfiguration;
			buildSettings = {
				ALWAYS_SEARCH_USER_PATHS = NO;
				CLANG_ANALYZER_NONNULL = YES;
				CLANG_ANALYZER_NUMBER_OBJECT_CONVERSION = YES_AGGRESSIVE;
				CLANG_CXX_LANGUAGE_STANDARD = "gnu++14";
				CLANG_CXX_LIBRARY = "libc++";
				CLANG_ENABLE_MODULES = YES;
				CLANG_ENABLE_OBJC_ARC = YES;
				CLANG_WARN_BLOCK_CAPTURE_AUTORELEASING = YES;
				CLANG_WARN_BOOL_CONVERSION = YES;
				CLANG_WARN_COMMA = YES;
				CLANG_WARN_CONSTANT_CONVERSION = YES;
				CLANG_WARN_DIRECT_OBJC_ISA_USAGE = YES_ERROR;
				CLANG_WARN_DOCUMENTATION_COMMENTS = YES;
				CLANG_WARN_EMPTY_BODY = YES;
				CLANG_WARN_ENUM_CONVERSION = YES;
				CLANG_WARN_INFINITE_RECURSION = YES;
				CLANG_WARN_INT_CONVERSION = YES;
				CLANG_WARN_NON_LITERAL_NULL_CONVERSION = YES;
				CLANG_WARN_OBJC_LITERAL_CONVERSION = YES;
				CLANG_WARN_OBJC_ROOT_CLASS = YES_ERROR;
				CLANG_WARN_RANGE_LOOP_ANALYSIS = YES;
				CLANG_WARN_STRICT_PROTOTYPES = YES;
				CLANG_WARN_SUSPICIOUS_MOVE = YES;
				CLANG_WARN_UNGUARDED_AVAILABILITY = YES_AGGRESSIVE;
				CLANG_WARN_UNREACHABLE_CODE = YES;
				CLANG_WARN__DUPLICATE_METHOD_MATCH = YES;
				CODE_SIGN_IDENTITY = "iPhone Developer";
				COPY_PHASE_STRIP = NO;
				DEBUG_INFORMATION_FORMAT = "dwarf-with-dsym";
				ENABLE_NS_ASSERTIONS = NO;
				ENABLE_STRICT_OBJC_MSGSEND = YES;
				GCC_C_LANGUAGE_STANDARD = gnu11;
				GCC_NO_COMMON_BLOCKS = YES;
				GCC_WARN_64_TO_32_BIT_CONVERSION = YES;
				GCC_WARN_ABOUT_RETURN_TYPE = YES_ERROR;
				GCC_WARN_UNDECLARED_SELECTOR = YES;
				GCC_WARN_UNINITIALIZED_AUTOS = YES_AGGRESSIVE;
				GCC_WARN_UNUSED_FUNCTION = YES;
				GCC_WARN_UNUSED_VARIABLE = YES;
				IPHONEOS_DEPLOYMENT_TARGET = 11.0;
				MTL_ENABLE_DEBUG_INFO = NO;
				SDKROOT = iphoneos;
				VALIDATE_PRODUCT = YES;
			};
			name = Release;
		};
		49D1B6C920CCFCDA00848C46 /* Debug */ = {
			isa = XCBuildConfiguration;
			buildSettings = {
				ASSETCATALOG_COMPILER_APPICON_NAME = AppIcon;
				CODE_SIGN_STYLE = Automatic;
				DEVELOPMENT_TEAM = 5MKPJ9K6N6;
				INFOPLIST_FILE = WebViewSample/Info.plist;
				LD_RUNPATH_SEARCH_PATHS = "$(inherited) @executable_path/Frameworks";
				PRODUCT_BUNDLE_IDENTIFIER = superbderrick.github.io.webviewsample.WebViewSample;
				PRODUCT_NAME = "$(TARGET_NAME)";
				TARGETED_DEVICE_FAMILY = "1,2";
			};
			name = Debug;
		};
		49D1B6CA20CCFCDA00848C46 /* Release */ = {
			isa = XCBuildConfiguration;
			buildSettings = {
				ASSETCATALOG_COMPILER_APPICON_NAME = AppIcon;
				CODE_SIGN_STYLE = Automatic;
				DEVELOPMENT_TEAM = 5MKPJ9K6N6;
				INFOPLIST_FILE = WebViewSample/Info.plist;
				LD_RUNPATH_SEARCH_PATHS = "$(inherited) @executable_path/Frameworks";
				PRODUCT_BUNDLE_IDENTIFIER = superbderrick.github.io.webviewsample.WebViewSample;
				PRODUCT_NAME = "$(TARGET_NAME)";
				TARGETED_DEVICE_FAMILY = "1,2";
			};
			name = Release;
		};
/* End XCBuildConfiguration section */

/* Begin XCConfigurationList section */
		49D1B6AD20CCFCDA00848C46 /* Build configuration list for PBXProject "WebViewSample" */ = {
			isa = XCConfigurationList;
			buildConfigurations = (
				49D1B6C620CCFCDA00848C46 /* Debug */,
				49D1B6C720CCFCDA00848C46 /* Release */,
			);
			defaultConfigurationIsVisible = 0;
			defaultConfigurationName = Release;
		};
		49D1B6C820CCFCDA00848C46 /* Build configuration list for PBXNativeTarget "WebViewSample" */ = {
			isa = XCConfigurationList;
			buildConfigurations = (
				49D1B6C920CCFCDA00848C46 /* Debug */,
				49D1B6CA20CCFCDA00848C46 /* Release */,
			);
			defaultConfigurationIsVisible = 0;
			defaultConfigurationName = Release;
		};
/* End XCConfigurationList section */
	};
	rootObject = 49D1B6AA20CCFCDA00848C46 /* Project object */;
}
